
Microsoft Visual Studio Solution File, Format Version 12.00
# Visual Studio Version 17
VisualStudioVersion = 17.0.31903.59
MinimumVisualStudioVersion = 10.0.40219.1
Project("{9A19103F-16F7-4668-BE54-9A1E7A4F7556}") = "MinimalAPI", "MinimalAPI\MinimalAPI.csproj", "{158D3391-3FAE-4CF1-8568-AC0D71262ABC}"
EndProject
Project("{00D1A9C2-B5F0-4AF3-8072-F6C62B433612}") = "UserDB", "UserDB\UserDB.sqlproj", "{2C32F9B5-C9B4-4FFA-BB98-A50EC48AE967}"
EndProject
Project("{9A19103F-16F7-4668-BE54-9A1E7A4F7556}") = "DataAccess", "DataAccess\DataAccess.csproj", "{700D3001-FEA8-4E02-89A7-3D2B734D9AE3}"
EndProject
Project("{2150E333-8FDC-42A3-9474-1A3956D46DE8}") = "Solution Items", "Solution Items", "{07C53775-83AF-4E5F-BD1D-BF80DD851888}"
	ProjectSection(SolutionItems) = preProject
		.editorconfig = .editorconfig
	EndProjectSection
EndProject
Global
	GlobalSection(SolutionConfigurationPlatforms) = preSolution
		Debug|Any CPU = Debug|Any CPU
		Release|Any CPU = Release|Any CPU
	EndGlobalSection
	GlobalSection(ProjectConfigurationPlatforms) = postSolution
		{158D3391-3FAE-4CF1-8568-AC0D71262ABC}.Debug|Any CPU.ActiveCfg = Debug|Any CPU
		{158D3391-3FAE-4CF1-8568-AC0D71262ABC}.Debug|Any CPU.Build.0 = Debug|Any CPU
		{158D3391-3FAE-4CF1-8568-AC0D71262ABC}.Release|Any CPU.ActiveCfg = Release|Any CPU
		{158D3391-3FAE-4CF1-8568-AC0D71262ABC}.Release|Any CPU.Build.0 = Release|Any CPU
		{2C32F9B5-C9B4-4FFA-BB98-A50EC48AE967}.Debug|Any CPU.ActiveCfg = Debug|Any CPU
		{2C32F9B5-C9B4-4FFA-BB98-A50EC48AE967}.Debug|Any CPU.Build.0 = Debug|Any CPU
		{2C32F9B5-C9B4-4FFA-BB98-A50EC48AE967}.Debug|Any CPU.Deploy.0 = Debug|Any CPU
		{2C32F9B5-C9B4-4FFA-BB98-A50EC48AE967}.Release|Any CPU.ActiveCfg = Release|Any CPU
		{2C32F9B5-C9B4-4FFA-BB98-A50EC48AE967}.Release|Any CPU.Build.0 = Release|Any CPU
		{2C32F9B5-C9B4-4FFA-BB98-A50EC48AE967}.Release|Any CPU.Deploy.0 = Release|Any CPU
		{700D3001-FEA8-4E02-89A7-3D2B734D9AE3}.Debug|Any CPU.ActiveCfg = Debug|Any CPU
		{700D3001-FEA8-4E02-89A7-3D2B734D9AE3}.Debug|Any CPU.Build.0 = Debug|Any CPU
		{700D3001-FEA8-4E02-89A7-3D2B734D9AE3}.Release|Any CPU.ActiveCfg = Release|Any CPU
		{700D3001-FEA8-4E02-89A7-3D2B734D9AE3}.Release|Any CPU.Build.0 = Release|Any CPU
	EndGlobalSection
	GlobalSection(SolutionProperties) = preSolution
		HideSolutionNode = FALSE
	EndGlobalSection
	GlobalSection(ExtensibilityGlobals) = postSolution
		SolutionGuid = {6646D219-2711-41E6-9255-A73DD5AD0FD1}
	EndGlobalSection
EndGlobal
